
Microsoft Visual Studio Solution File, Format Version 12.00
# Visual Studio Version 16
VisualStudioVersion = 16.0.30621.155
MinimumVisualStudioVersion = 10.0.40219.1
Project("{9A19103F-16F7-4668-BE54-9A1E7A4F7556}") = "PriSecFileStorageAPI", "PriSecFileStorageAPI.csproj", "{9096208F-F515-4FDF-8787-EB3B3C9CD565}"
EndProject
Global
	GlobalSection(SolutionConfigurationPlatforms) = preSolution
		Debug|Any CPU = Debug|Any CPU
		Release|Any CPU = Release|Any CPU
	EndGlobalSection
	GlobalSection(ProjectConfigurationPlatforms) = postSolution
		{9096208F-F515-4FDF-8787-EB3B3C9CD565}.Debug|Any CPU.ActiveCfg = Debug|Any CPU
		{9096208F-F515-4FDF-8787-EB3B3C9CD565}.Debug|Any CPU.Build.0 = Debug|Any CPU
		{9096208F-F515-4FDF-8787-EB3B3C9CD565}.Release|Any CPU.ActiveCfg = Release|Any CPU
		{9096208F-F515-4FDF-8787-EB3B3C9CD565}.Release|Any CPU.Build.0 = Release|Any CPU
	EndGlobalSection
	GlobalSection(SolutionProperties) = preSolution
		HideSolutionNode = FALSE
	EndGlobalSection
	GlobalSection(ExtensibilityGlobals) = postSolution
		SolutionGuid = {ED3EC60D-6F3E-4A67-BC54-D89D75257AD4}
	EndGlobalSection
EndGlobal
